
Microsoft Visual Studio Solution File, Format Version 12.00
# Visual Studio 15
VisualStudioVersion = 15.0.26430.12
MinimumVisualStudioVersion = 10.0.40219.1
Project("{FAE04EC0-301F-11D3-BF4B-00C04F79EFBC}") = "PracticeCoreWebApp", "PracticeCoreWebApp\PracticeCoreWebApp.csproj", "{73377200-1B66-4508-B442-CBECAC5E3E4F}"
EndProject
Project("{E53339B2-1760-4266-BCC7-CA923CBCF16C}") = "docker-compose", "docker-compose.dcproj", "{2226E895-B1BB-41FF-86F1-894BBBDC7FE5}"
EndProject
Global
	GlobalSection(SolutionConfigurationPlatforms) = preSolution
		Debug|Any CPU = Debug|Any CPU
		Release|Any CPU = Release|Any CPU
	EndGlobalSection
	GlobalSection(ProjectConfigurationPlatforms) = postSolution
		{73377200-1B66-4508-B442-CBECAC5E3E4F}.Debug|Any CPU.ActiveCfg = Debug|Any CPU
		{73377200-1B66-4508-B442-CBECAC5E3E4F}.Debug|Any CPU.Build.0 = Debug|Any CPU
		{73377200-1B66-4508-B442-CBECAC5E3E4F}.Release|Any CPU.ActiveCfg = Release|Any CPU
		{73377200-1B66-4508-B442-CBECAC5E3E4F}.Release|Any CPU.Build.0 = Release|Any CPU
		{2226E895-B1BB-41FF-86F1-894BBBDC7FE5}.Debug|Any CPU.ActiveCfg = Debug|Any CPU
		{2226E895-B1BB-41FF-86F1-894BBBDC7FE5}.Debug|Any CPU.Build.0 = Debug|Any CPU
		{2226E895-B1BB-41FF-86F1-894BBBDC7FE5}.Release|Any CPU.ActiveCfg = Release|Any CPU
		{2226E895-B1BB-41FF-86F1-894BBBDC7FE5}.Release|Any CPU.Build.0 = Release|Any CPU
	EndGlobalSection
	GlobalSection(SolutionProperties) = preSolution
		HideSolutionNode = FALSE
	EndGlobalSection
EndGlobal
